
Microsoft Visual Studio Solution File, Format Version 12.00
# Visual Studio Version 17
VisualStudioVersion = 17.11.35312.102
MinimumVisualStudioVersion = 10.0.40219.1
Project("{FAE04EC0-301F-11D3-BF4B-00C04F79EFBC}") = "CPInfo_text", "CPInfo_text\CPInfo_text.csproj", "{61229935-F7D9-43B1-B0C3-62A23A16B906}"
EndProject
Global
	GlobalSection(SolutionConfigurationPlatforms) = preSolution
		Debug|Any CPU = Debug|Any CPU
		Release|Any CPU = Release|Any CPU
	EndGlobalSection
	GlobalSection(ProjectConfigurationPlatforms) = postSolution
		{61229935-F7D9-43B1-B0C3-62A23A16B906}.Debug|Any CPU.ActiveCfg = Debug|Any CPU
		{61229935-F7D9-43B1-B0C3-62A23A16B906}.Debug|Any CPU.Build.0 = Debug|Any CPU
		{61229935-F7D9-43B1-B0C3-62A23A16B906}.Release|Any CPU.ActiveCfg = Release|Any CPU
		{61229935-F7D9-43B1-B0C3-62A23A16B906}.Release|Any CPU.Build.0 = Release|Any CPU
	EndGlobalSection
	GlobalSection(SolutionProperties) = preSolution
		HideSolutionNode = FALSE
	EndGlobalSection
	GlobalSection(ExtensibilityGlobals) = postSolution
		SolutionGuid = {D0AC787B-1AEC-44DA-9B07-FD890B7A012F}
	EndGlobalSection
EndGlobal
